
Microsoft Visual Studio Solution File, Format Version 12.00
# Visual Studio Version 17
VisualStudioVersion = 17.2.32602.215
MinimumVisualStudioVersion = 10.0.40219.1
Project("{FAE04EC0-301F-11D3-BF4B-00C04F79EFBC}") = "PostgreSQLProject", "PostgreSQLProject\PostgreSQLProject.csproj", "{02BCD42E-8CDE-4F4C-A5FF-BA6F068717D3}"
EndProject
Global
	GlobalSection(SolutionConfigurationPlatforms) = preSolution
		Debug|Any CPU = Debug|Any CPU
		Release|Any CPU = Release|Any CPU
	EndGlobalSection
	GlobalSection(ProjectConfigurationPlatforms) = postSolution
		{02BCD42E-8CDE-4F4C-A5FF-BA6F068717D3}.Debug|Any CPU.ActiveCfg = Debug|Any CPU
		{02BCD42E-8CDE-4F4C-A5FF-BA6F068717D3}.Debug|Any CPU.Build.0 = Debug|Any CPU
		{02BCD42E-8CDE-4F4C-A5FF-BA6F068717D3}.Release|Any CPU.ActiveCfg = Release|Any CPU
		{02BCD42E-8CDE-4F4C-A5FF-BA6F068717D3}.Release|Any CPU.Build.0 = Release|Any CPU
	EndGlobalSection
	GlobalSection(SolutionProperties) = preSolution
		HideSolutionNode = FALSE
	EndGlobalSection
	GlobalSection(ExtensibilityGlobals) = postSolution
		SolutionGuid = {79223061-B482-407B-BCC4-5940A3C98613}
	EndGlobalSection
EndGlobal
